{
  "object": {
    "pins": [
      {
        "package": "TCNClient",
        "repositoryURL": "https://github.com/TCNCoalition/tcn-client-ios",
        "state": {
          "branch": "develop",
          "revision": "06f6af8ef289b05cd21e2d7f7ee976e63756a892",
          "version": null
        }
      }
    ]
  },
  "version": 1
}
